// !$*UTF8*$!
{
	archiveVersion = 1;
	classes = {
	};
	objectVersion = 50;
	objects = {

/* Begin PBXBuildFile section */
		2403760F282803F600014ACD /* lensetrackerTests.swift in Sources */ = {isa = PBXBuildFile; fileRef = 2403760E282803F600014ACD /* lensetrackerTests.swift */; };
		241B934C27010EE30092F9A1 /* LenseImageView.swift in Sources */ = {isa = PBXBuildFile; fileRef = 241B934B27010EE30092F9A1 /* LenseImageView.swift */; };
		24498C5D29ABBC39000847DC /* AppDebugInit.swift in Sources */ = {isa = PBXBuildFile; fileRef = 24498C5C29ABBC39000847DC /* AppDebugInit.swift */; };
		2462B70328285996005BB1E9 /* Localizable.strings in Resources */ = {isa = PBXBuildFile; fileRef = 2462B70128285996005BB1E9 /* Localizable.strings */; };
		2462B70C282B8E3B005BB1E9 /* lensetrackerUITests.swift in Sources */ = {isa = PBXBuildFile; fileRef = 2462B70B282B8E3B005BB1E9 /* lensetrackerUITests.swift */; };
		2462B70E282B8E3B005BB1E9 /* lensetrackerUITestsLaunchTests.swift in Sources */ = {isa = PBXBuildFile; fileRef = 2462B70D282B8E3B005BB1E9 /* lensetrackerUITestsLaunchTests.swift */; };
		2462B715282FBEB8005BB1E9 /* viewmodelTests.swift in Sources */ = {isa = PBXBuildFile; fileRef = 2462B714282FBEB8005BB1E9 /* viewmodelTests.swift */; };
		248AB05A270B369000C379EE /* AppSettingsView.swift in Sources */ = {isa = PBXBuildFile; fileRef = 248AB059270B369000C379EE /* AppSettingsView.swift */; };
		24D2790827023D2A00A813EB /* LensesDetails.swift in Sources */ = {isa = PBXBuildFile; fileRef = 24D2790727023D2A00A813EB /* LensesDetails.swift */; };
		24DB203A26EFD32D006BA70A /* lensetrackerApp.swift in Sources */ = {isa = PBXBuildFile; fileRef = 24DB203926EFD32D006BA70A /* lensetrackerApp.swift */; };
		24DB203C26EFD32D006BA70A /* LenseTrackerView.swift in Sources */ = {isa = PBXBuildFile; fileRef = 24DB203B26EFD32D006BA70A /* LenseTrackerView.swift */; };
		24DB203E26EFD32E006BA70A /* Assets.xcassets in Resources */ = {isa = PBXBuildFile; fileRef = 24DB203D26EFD32E006BA70A /* Assets.xcassets */; };
		24DB204126EFD32E006BA70A /* Preview Assets.xcassets in Resources */ = {isa = PBXBuildFile; fileRef = 24DB204026EFD32E006BA70A /* Preview Assets.xcassets */; };
		24DB204926F25A1C006BA70A /* LenseTrackerModel.swift in Sources */ = {isa = PBXBuildFile; fileRef = 24DB204826F25A1C006BA70A /* LenseTrackerModel.swift */; };
		24DB204B26F25DFC006BA70A /* LenseTrackerViewModel.swift in Sources */ = {isa = PBXBuildFile; fileRef = 24DB204A26F25DFC006BA70A /* LenseTrackerViewModel.swift */; };
		24DB204D26F90413006BA70A /* SetupLensesView.swift in Sources */ = {isa = PBXBuildFile; fileRef = 24DB204C26F90413006BA70A /* SetupLensesView.swift */; };
/* End PBXBuildFile section */

/* Begin PBXContainerItemProxy section */
		24037610282803F600014ACD /* PBXContainerItemProxy */ = {
			isa = PBXContainerItemProxy;
			containerPortal = 24DB202E26EFD32D006BA70A /* Project object */;
			proxyType = 1;
			remoteGlobalIDString = 24DB203526EFD32D006BA70A;
			remoteInfo = lensetracker;
		};
		2462B70F282B8E3B005BB1E9 /* PBXContainerItemProxy */ = {
			isa = PBXContainerItemProxy;
			containerPortal = 24DB202E26EFD32D006BA70A /* Project object */;
			proxyType = 1;
			remoteGlobalIDString = 24DB203526EFD32D006BA70A;
			remoteInfo = lensetracker;
		};
/* End PBXContainerItemProxy section */

/* Begin PBXFileReference section */
		2403760C282803F600014ACD /* lensetrackerTests.xctest */ = {isa = PBXFileReference; explicitFileType = wrapper.cfbundle; includeInIndex = 0; path = lensetrackerTests.xctest; sourceTree = BUILT_PRODUCTS_DIR; };
		2403760E282803F600014ACD /* lensetrackerTests.swift */ = {isa = PBXFileReference; lastKnownFileType = sourcecode.swift; path = lensetrackerTests.swift; sourceTree = "<group>"; };
		241B934B27010EE30092F9A1 /* LenseImageView.swift */ = {isa = PBXFileReference; lastKnownFileType = sourcecode.swift; path = LenseImageView.swift; sourceTree = "<group>"; };
		24498C5C29ABBC39000847DC /* AppDebugInit.swift */ = {isa = PBXFileReference; lastKnownFileType = sourcecode.swift; path = AppDebugInit.swift; sourceTree = "<group>"; };
		2462B70228285996005BB1E9 /* ru */ = {isa = PBXFileReference; lastKnownFileType = text.plist.strings; name = ru; path = ru.lproj/Localizable.strings; sourceTree = "<group>"; };
		2462B70428285CC0005BB1E9 /* en */ = {isa = PBXFileReference; lastKnownFileType = text.plist.strings; name = en; path = en.lproj/Localizable.strings; sourceTree = "<group>"; };
		2462B709282B8E3B005BB1E9 /* lensetrackerUITests.xctest */ = {isa = PBXFileReference; explicitFileType = wrapper.cfbundle; includeInIndex = 0; path = lensetrackerUITests.xctest; sourceTree = BUILT_PRODUCTS_DIR; };
		2462B70B282B8E3B005BB1E9 /* lensetrackerUITests.swift */ = {isa = PBXFileReference; lastKnownFileType = sourcecode.swift; path = lensetrackerUITests.swift; sourceTree = "<group>"; };
		2462B70D282B8E3B005BB1E9 /* lensetrackerUITestsLaunchTests.swift */ = {isa = PBXFileReference; lastKnownFileType = sourcecode.swift; path = lensetrackerUITestsLaunchTests.swift; sourceTree = "<group>"; };
		2462B714282FBEB8005BB1E9 /* viewmodelTests.swift */ = {isa = PBXFileReference; lastKnownFileType = sourcecode.swift; path = viewmodelTests.swift; sourceTree = "<group>"; };
		2462B716282FC247005BB1E9 /* lensetrackerModel.xctestplan */ = {isa = PBXFileReference; lastKnownFileType = text; path = lensetrackerModel.xctestplan; sourceTree = "<group>"; };
		248AB059270B369000C379EE /* AppSettingsView.swift */ = {isa = PBXFileReference; lastKnownFileType = sourcecode.swift; path = AppSettingsView.swift; sourceTree = "<group>"; };
		24D2790727023D2A00A813EB /* LensesDetails.swift */ = {isa = PBXFileReference; lastKnownFileType = sourcecode.swift; path = LensesDetails.swift; sourceTree = "<group>"; };
		24DB203626EFD32D006BA70A /* lensetracker.app */ = {isa = PBXFileReference; explicitFileType = wrapper.application; includeInIndex = 0; path = lensetracker.app; sourceTree = BUILT_PRODUCTS_DIR; };
		24DB203926EFD32D006BA70A /* lensetrackerApp.swift */ = {isa = PBXFileReference; lastKnownFileType = sourcecode.swift; path = lensetrackerApp.swift; sourceTree = "<group>"; };
		24DB203B26EFD32D006BA70A /* LenseTrackerView.swift */ = {isa = PBXFileReference; lastKnownFileType = sourcecode.swift; path = LenseTrackerView.swift; sourceTree = "<group>"; };
		24DB203D26EFD32E006BA70A /* Assets.xcassets */ = {isa = PBXFileReference; lastKnownFileType = folder.assetcatalog; path = Assets.xcassets; sourceTree = "<group>"; };
		24DB204026EFD32E006BA70A /* Preview Assets.xcassets */ = {isa = PBXFileReference; lastKnownFileType = folder.assetcatalog; path = "Preview Assets.xcassets"; sourceTree = "<group>"; };
		24DB204226EFD32E006BA70A /* Info.plist */ = {isa = PBXFileReference; lastKnownFileType = text.plist.xml; path = Info.plist; sourceTree = "<group>"; };
		24DB204826F25A1C006BA70A /* LenseTrackerModel.swift */ = {isa = PBXFileReference; lastKnownFileType = sourcecode.swift; path = LenseTrackerModel.swift; sourceTree = "<group>"; };
		24DB204A26F25DFC006BA70A /* LenseTrackerViewModel.swift */ = {isa = PBXFileReference; lastKnownFileType = sourcecode.swift; path = LenseTrackerViewModel.swift; sourceTree = "<group>"; };
		24DB204C26F90413006BA70A /* SetupLensesView.swift */ = {isa = PBXFileReference; lastKnownFileType = sourcecode.swift; path = SetupLensesView.swift; sourceTree = "<group>"; };
/* End PBXFileReference section */

/* Begin PBXFrameworksBuildPhase section */
		24037609282803F600014ACD /* Frameworks */ = {
			isa = PBXFrameworksBuildPhase;
			buildActionMask = 2147483647;
			files = (
			);
			runOnlyForDeploymentPostprocessing = 0;
		};
		2462B706282B8E3B005BB1E9 /* Frameworks */ = {
			isa = PBXFrameworksBuildPhase;
			buildActionMask = 2147483647;
			files = (
			);
			runOnlyForDeploymentPostprocessing = 0;
		};
		24DB203326EFD32D006BA70A /* Frameworks */ = {
			isa = PBXFrameworksBuildPhase;
			buildActionMask = 2147483647;
			files = (
			);
			runOnlyForDeploymentPostprocessing = 0;
		};
/* End PBXFrameworksBuildPhase section */

/* Begin PBXGroup section */
		2403760D282803F600014ACD /* lensetrackerTests */ = {
			isa = PBXGroup;
			children = (
				2403760E282803F600014ACD /* lensetrackerTests.swift */,
				2462B714282FBEB8005BB1E9 /* viewmodelTests.swift */,
				2462B716282FC247005BB1E9 /* lensetrackerModel.xctestplan */,
			);
			path = lensetrackerTests;
			sourceTree = "<group>";
		};
		2462B6FD28284C28005BB1E9 /* Model */ = {
			isa = PBXGroup;
			children = (
				24DB204826F25A1C006BA70A /* LenseTrackerModel.swift */,
			);
			path = Model;
			sourceTree = "<group>";
		};
		2462B6FF28284C3A005BB1E9 /* ViewModel */ = {
			isa = PBXGroup;
			children = (
				24DB204A26F25DFC006BA70A /* LenseTrackerViewModel.swift */,
			);
			path = ViewModel;
			sourceTree = "<group>";
		};
		2462B70028284C44005BB1E9 /* View */ = {
			isa = PBXGroup;
			children = (
				24DB203B26EFD32D006BA70A /* LenseTrackerView.swift */,
				241B934B27010EE30092F9A1 /* LenseImageView.swift */,
				24DB204C26F90413006BA70A /* SetupLensesView.swift */,
				248AB059270B369000C379EE /* AppSettingsView.swift */,
				24D2790727023D2A00A813EB /* LensesDetails.swift */,
			);
			path = View;
			sourceTree = "<group>";
		};
		2462B70A282B8E3B005BB1E9 /* lensetrackerUITests */ = {
			isa = PBXGroup;
			children = (
				2462B70B282B8E3B005BB1E9 /* lensetrackerUITests.swift */,
				2462B70D282B8E3B005BB1E9 /* lensetrackerUITestsLaunchTests.swift */,
			);
			path = lensetrackerUITests;
			sourceTree = "<group>";
		};
		24DB202D26EFD32D006BA70A = {
			isa = PBXGroup;
			children = (
				24DB203826EFD32D006BA70A /* lensetracker */,
				2403760D282803F600014ACD /* lensetrackerTests */,
				2462B70A282B8E3B005BB1E9 /* lensetrackerUITests */,
				24DB203726EFD32D006BA70A /* Products */,
			);
			sourceTree = "<group>";
		};
		24DB203726EFD32D006BA70A /* Products */ = {
			isa = PBXGroup;
			children = (
				24DB203626EFD32D006BA70A /* lensetracker.app */,
				2403760C282803F600014ACD /* lensetrackerTests.xctest */,
				2462B709282B8E3B005BB1E9 /* lensetrackerUITests.xctest */,
			);
			name = Products;
			sourceTree = "<group>";
		};
		24DB203826EFD32D006BA70A /* lensetracker */ = {
			isa = PBXGroup;
			children = (
				2462B6FD28284C28005BB1E9 /* Model */,
				2462B70028284C44005BB1E9 /* View */,
				2462B6FF28284C3A005BB1E9 /* ViewModel */,
				24DB203926EFD32D006BA70A /* lensetrackerApp.swift */,
				24498C5C29ABBC39000847DC /* AppDebugInit.swift */,
				2462B70128285996005BB1E9 /* Localizable.strings */,
				24DB203D26EFD32E006BA70A /* Assets.xcassets */,
				24DB204226EFD32E006BA70A /* Info.plist */,
				24DB203F26EFD32E006BA70A /* Preview Content */,
			);
			path = lensetracker;
			sourceTree = "<group>";
		};
		24DB203F26EFD32E006BA70A /* Preview Content */ = {
			isa = PBXGroup;
			children = (
				24DB204026EFD32E006BA70A /* Preview Assets.xcassets */,
			);
			path = "Preview Content";
			sourceTree = "<group>";
		};
/* End PBXGroup section */

/* Begin PBXNativeTarget section */
		2403760B282803F600014ACD /* lensetrackerTests */ = {
			isa = PBXNativeTarget;
			buildConfigurationList = 24037614282803F600014ACD /* Build configuration list for PBXNativeTarget "lensetrackerTests" */;
			buildPhases = (
				24037608282803F600014ACD /* Sources */,
				24037609282803F600014ACD /* Frameworks */,
				2403760A282803F600014ACD /* Resources */,
			);
			buildRules = (
			);
			dependencies = (
				24037611282803F600014ACD /* PBXTargetDependency */,
			);
			name = lensetrackerTests;
			productName = lensetrackerTests;
			productReference = 2403760C282803F600014ACD /* lensetrackerTests.xctest */;
			productType = "com.apple.product-type.bundle.unit-test";
		};
		2462B708282B8E3B005BB1E9 /* lensetrackerUITests */ = {
			isa = PBXNativeTarget;
			buildConfigurationList = 2462B711282B8E3B005BB1E9 /* Build configuration list for PBXNativeTarget "lensetrackerUITests" */;
			buildPhases = (
				2462B705282B8E3B005BB1E9 /* Sources */,
				2462B706282B8E3B005BB1E9 /* Frameworks */,
				2462B707282B8E3B005BB1E9 /* Resources */,
			);
			buildRules = (
			);
			dependencies = (
				2462B710282B8E3B005BB1E9 /* PBXTargetDependency */,
			);
			name = lensetrackerUITests;
			productName = lensetrackerUITests;
			productReference = 2462B709282B8E3B005BB1E9 /* lensetrackerUITests.xctest */;
			productType = "com.apple.product-type.bundle.ui-testing";
		};
		24DB203526EFD32D006BA70A /* lensetracker */ = {
			isa = PBXNativeTarget;
			buildConfigurationList = 24DB204526EFD32E006BA70A /* Build configuration list for PBXNativeTarget "lensetracker" */;
			buildPhases = (
				24DB203226EFD32D006BA70A /* Sources */,
				24DB203326EFD32D006BA70A /* Frameworks */,
				24DB203426EFD32D006BA70A /* Resources */,
			);
			buildRules = (
			);
			dependencies = (
			);
			name = lensetracker;
			productName = lensetracker;
			productReference = 24DB203626EFD32D006BA70A /* lensetracker.app */;
			productType = "com.apple.product-type.application";
		};
/* End PBXNativeTarget section */

/* Begin PBXProject section */
		24DB202E26EFD32D006BA70A /* Project object */ = {
			isa = PBXProject;
			attributes = {
				LastSwiftUpdateCheck = 1330;
				LastUpgradeCheck = 1250;
				TargetAttributes = {
					2403760B282803F600014ACD = {
						CreatedOnToolsVersion = 13.3.1;
						TestTargetID = 24DB203526EFD32D006BA70A;
					};
					2462B708282B8E3B005BB1E9 = {
						CreatedOnToolsVersion = 13.3.1;
						TestTargetID = 24DB203526EFD32D006BA70A;
					};
					24DB203526EFD32D006BA70A = {
						CreatedOnToolsVersion = 12.5.1;
					};
				};
			};
			buildConfigurationList = 24DB203126EFD32D006BA70A /* Build configuration list for PBXProject "lensetracker" */;
			compatibilityVersion = "Xcode 9.3";
			developmentRegion = en;
			hasScannedForEncodings = 0;
			knownRegions = (
				en,
				ru,
			);
			mainGroup = 24DB202D26EFD32D006BA70A;
			productRefGroup = 24DB203726EFD32D006BA70A /* Products */;
			projectDirPath = "";
			projectRoot = "";
			targets = (
				24DB203526EFD32D006BA70A /* lensetracker */,
				2403760B282803F600014ACD /* lensetrackerTests */,
				2462B708282B8E3B005BB1E9 /* lensetrackerUITests */,
			);
		};
/* End PBXProject section */

/* Begin PBXResourcesBuildPhase section */
		2403760A282803F600014ACD /* Resources */ = {
			isa = PBXResourcesBuildPhase;
			buildActionMask = 2147483647;
			files = (
			);
			runOnlyForDeploymentPostprocessing = 0;
		};
		2462B707282B8E3B005BB1E9 /* Resources */ = {
			isa = PBXResourcesBuildPhase;
			buildActionMask = 2147483647;
			files = (
			);
			runOnlyForDeploymentPostprocessing = 0;
		};
		24DB203426EFD32D006BA70A /* Resources */ = {
			isa = PBXResourcesBuildPhase;
			buildActionMask = 2147483647;
			files = (
				24DB204126EFD32E006BA70A /* Preview Assets.xcassets in Resources */,
				2462B70328285996005BB1E9 /* Localizable.strings in Resources */,
				24DB203E26EFD32E006BA70A /* Assets.xcassets in Resources */,
			);
			runOnlyForDeploymentPostprocessing = 0;
		};
/* End PBXResourcesBuildPhase section */

/* Begin PBXSourcesBuildPhase section */
		24037608282803F600014ACD /* Sources */ = {
			isa = PBXSourcesBuildPhase;
			buildActionMask = 2147483647;
			files = (
				2462B715282FBEB8005BB1E9 /* viewmodelTests.swift in Sources */,
				2403760F282803F600014ACD /* lensetrackerTests.swift in Sources */,
			);
			runOnlyForDeploymentPostprocessing = 0;
		};
		2462B705282B8E3B005BB1E9 /* Sources */ = {
			isa = PBXSourcesBuildPhase;
			buildActionMask = 2147483647;
			files = (
				2462B70C282B8E3B005BB1E9 /* lensetrackerUITests.swift in Sources */,
				2462B70E282B8E3B005BB1E9 /* lensetrackerUITestsLaunchTests.swift in Sources */,
			);
			runOnlyForDeploymentPostprocessing = 0;
		};
		24DB203226EFD32D006BA70A /* Sources */ = {
			isa = PBXSourcesBuildPhase;
			buildActionMask = 2147483647;
			files = (
				24DB203C26EFD32D006BA70A /* LenseTrackerView.swift in Sources */,
				24DB204B26F25DFC006BA70A /* LenseTrackerViewModel.swift in Sources */,
				24D2790827023D2A00A813EB /* LensesDetails.swift in Sources */,
				24DB204926F25A1C006BA70A /* LenseTrackerModel.swift in Sources */,
				24DB204D26F90413006BA70A /* SetupLensesView.swift in Sources */,
				248AB05A270B369000C379EE /* AppSettingsView.swift in Sources */,
				241B934C27010EE30092F9A1 /* LenseImageView.swift in Sources */,
				24498C5D29ABBC39000847DC /* AppDebugInit.swift in Sources */,
				24DB203A26EFD32D006BA70A /* lensetrackerApp.swift in Sources */,
			);
			runOnlyForDeploymentPostprocessing = 0;
		};
/* End PBXSourcesBuildPhase section */

/* Begin PBXTargetDependency section */
		24037611282803F600014ACD /* PBXTargetDependency */ = {
			isa = PBXTargetDependency;
			target = 24DB203526EFD32D006BA70A /* lensetracker */;
			targetProxy = 24037610282803F600014ACD /* PBXContainerItemProxy */;
		};
		2462B710282B8E3B005BB1E9 /* PBXTargetDependency */ = {
			isa = PBXTargetDependency;
			target = 24DB203526EFD32D006BA70A /* lensetracker */;
			targetProxy = 2462B70F282B8E3B005BB1E9 /* PBXContainerItemProxy */;
		};
/* End PBXTargetDependency section */

/* Begin PBXVariantGroup section */
		2462B70128285996005BB1E9 /* Localizable.strings */ = {
			isa = PBXVariantGroup;
			children = (
				2462B70228285996005BB1E9 /* ru */,
				2462B70428285CC0005BB1E9 /* en */,
			);
			name = Localizable.strings;
			sourceTree = "<group>";
		};
/* End PBXVariantGroup section */

/* Begin XCBuildConfiguration section */
		24037612282803F600014ACD /* Debug */ = {
			isa = XCBuildConfiguration;
			buildSettings = {
				BUNDLE_LOADER = "$(TEST_HOST)";
				CLANG_CXX_LANGUAGE_STANDARD = "gnu++17";
				CODE_SIGN_STYLE = Automatic;
				CURRENT_PROJECT_VERSION = 1;
				DEVELOPMENT_TEAM = BN7A8CTNT5;
				GENERATE_INFOPLIST_FILE = YES;
				IPHONEOS_DEPLOYMENT_TARGET = 14.0;
				MARKETING_VERSION = 1.0;
				PRODUCT_BUNDLE_IDENTIFIER = onecupofcoffee.lensetrackerTests;
				PRODUCT_NAME = "$(TARGET_NAME)";
				SWIFT_EMIT_LOC_STRINGS = NO;
				SWIFT_VERSION = 5.0;
				TARGETED_DEVICE_FAMILY = "1,2";
				TEST_HOST = "$(BUILT_PRODUCTS_DIR)/lensetracker.app/lensetracker";
			};
			name = Debug;
		};
		24037613282803F600014ACD /* Release */ = {
			isa = XCBuildConfiguration;
			buildSettings = {
				BUNDLE_LOADER = "$(TEST_HOST)";
				CLANG_CXX_LANGUAGE_STANDARD = "gnu++17";
				CODE_SIGN_STYLE = Manual;
				CURRENT_PROJECT_VERSION = 1;
				DEVELOPMENT_TEAM = BN7A8CTNT5;
				GENERATE_INFOPLIST_FILE = YES;
				IPHONEOS_DEPLOYMENT_TARGET = 14.0;
				MARKETING_VERSION = 1.0;
				PRODUCT_BUNDLE_IDENTIFIER = onecupofcoffee.lensetrackerTests;
				PRODUCT_NAME = "$(TARGET_NAME)";
				PROVISIONING_PROFILE_SPECIFIER = "";
				"PROVISIONING_PROFILE_SPECIFIER[sdk=macosx*]" = "";
				SWIFT_EMIT_LOC_STRINGS = NO;
				SWIFT_VERSION = 5.0;
				TARGETED_DEVICE_FAMILY = "1,2";
				TEST_HOST = "$(BUILT_PRODUCTS_DIR)/lensetracker.app/lensetracker";
			};
			name = Release;
		};
		2462B712282B8E3B005BB1E9 /* Debug */ = {
			isa = XCBuildConfiguration;
			buildSettings = {
				CLANG_CXX_LANGUAGE_STANDARD = "gnu++17";
				CODE_SIGN_STYLE = Automatic;
				CURRENT_PROJECT_VERSION = 1;
				DEVELOPMENT_TEAM = BN7A8CTNT5;
				GENERATE_INFOPLIST_FILE = YES;
				IPHONEOS_DEPLOYMENT_TARGET = 14.0;
				MARKETING_VERSION = 1.0;
				PRODUCT_BUNDLE_IDENTIFIER = onecupofcoffee.lensetrackerUITests;
				PRODUCT_NAME = "$(TARGET_NAME)";
				PROVISIONING_PROFILE = "";
				SWIFT_EMIT_LOC_STRINGS = NO;
				SWIFT_VERSION = 5.0;
				TARGETED_DEVICE_FAMILY = "1,2";
				TEST_TARGET_NAME = lensetracker;
			};
			name = Debug;
		};
		2462B713282B8E3B005BB1E9 /* Release */ = {
			isa = XCBuildConfiguration;
			buildSettings = {
				CLANG_CXX_LANGUAGE_STANDARD = "gnu++17";
				CODE_SIGN_STYLE = Automatic;
				CURRENT_PROJECT_VERSION = 1;
				DEVELOPMENT_TEAM = BN7A8CTNT5;
				GENERATE_INFOPLIST_FILE = YES;
				IPHONEOS_DEPLOYMENT_TARGET = 14.0;
				MARKETING_VERSION = 1.0;
				PRODUCT_BUNDLE_IDENTIFIER = onecupofcoffee.lensetrackerUITests;
				PRODUCT_NAME = "$(TARGET_NAME)";
				PROVISIONING_PROFILE = "";
				SWIFT_EMIT_LOC_STRINGS = NO;
				SWIFT_VERSION = 5.0;
				TARGETED_DEVICE_FAMILY = "1,2";
				TEST_TARGET_NAME = lensetracker;
			};
			name = Release;
		};
		24DB204326EFD32E006BA70A /* Debug */ = {
			isa = XCBuildConfiguration;
			buildSettings = {
				ALWAYS_SEARCH_USER_PATHS = NO;
				CLANG_ANALYZER_NONNULL = YES;
				CLANG_ANALYZER_NUMBER_OBJECT_CONVERSION = YES_AGGRESSIVE;
				CLANG_CXX_LANGUAGE_STANDARD = "gnu++14";
				CLANG_CXX_LIBRARY = "libc++";
				CLANG_ENABLE_MODULES = YES;
				CLANG_ENABLE_OBJC_ARC = YES;
				CLANG_ENABLE_OBJC_WEAK = YES;
				CLANG_WARN_BLOCK_CAPTURE_AUTORELEASING = YES;
				CLANG_WARN_BOOL_CONVERSION = YES;
				CLANG_WARN_COMMA = YES;
				CLANG_WARN_CONSTANT_CONVERSION = YES;
				CLANG_WARN_DEPRECATED_OBJC_IMPLEMENTATIONS = YES;
				CLANG_WARN_DIRECT_OBJC_ISA_USAGE = YES_ERROR;
				CLANG_WARN_DOCUMENTATION_COMMENTS = YES;
				CLANG_WARN_EMPTY_BODY = YES;
				CLANG_WARN_ENUM_CONVERSION = YES;
				CLANG_WARN_INFINITE_RECURSION = YES;
				CLANG_WARN_INT_CONVERSION = YES;
				CLANG_WARN_NON_LITERAL_NULL_CONVERSION = YES;
				CLANG_WARN_OBJC_IMPLICIT_RETAIN_SELF = YES;
				CLANG_WARN_OBJC_LITERAL_CONVERSION = YES;
				CLANG_WARN_OBJC_ROOT_CLASS = YES_ERROR;
				CLANG_WARN_QUOTED_INCLUDE_IN_FRAMEWORK_HEADER = YES;
				CLANG_WARN_RANGE_LOOP_ANALYSIS = YES;
				CLANG_WARN_STRICT_PROTOTYPES = YES;
				CLANG_WARN_SUSPICIOUS_MOVE = YES;
				CLANG_WARN_UNGUARDED_AVAILABILITY = YES_AGGRESSIVE;
				CLANG_WARN_UNREACHABLE_CODE = YES;
				CLANG_WARN__DUPLICATE_METHOD_MATCH = YES;
				COPY_PHASE_STRIP = NO;
				DEBUG_INFORMATION_FORMAT = dwarf;
				ENABLE_STRICT_OBJC_MSGSEND = YES;
				ENABLE_TESTABILITY = YES;
				GCC_C_LANGUAGE_STANDARD = gnu11;
				GCC_DYNAMIC_NO_PIC = NO;
				GCC_NO_COMMON_BLOCKS = YES;
				GCC_OPTIMIZATION_LEVEL = 0;
				GCC_PREPROCESSOR_DEFINITIONS = (
					"DEBUG=1",
					"$(inherited)",
				);
				GCC_WARN_64_TO_32_BIT_CONVERSION = YES;
				GCC_WARN_ABOUT_RETURN_TYPE = YES_ERROR;
				GCC_WARN_UNDECLARED_SELECTOR = YES;
				GCC_WARN_UNINITIALIZED_AUTOS = YES_AGGRESSIVE;
				GCC_WARN_UNUSED_FUNCTION = YES;
				GCC_WARN_UNUSED_VARIABLE = YES;
				IPHONEOS_DEPLOYMENT_TARGET = 14.5;
				MTL_ENABLE_DEBUG_INFO = INCLUDE_SOURCE;
				MTL_FAST_MATH = YES;
				ONLY_ACTIVE_ARCH = YES;
				SDKROOT = iphoneos;
				SWIFT_ACTIVE_COMPILATION_CONDITIONS = DEBUG;
				SWIFT_OPTIMIZATION_LEVEL = "-Onone";
			};
			name = Debug;
		};
		24DB204426EFD32E006BA70A /* Release */ = {
			isa = XCBuildConfiguration;
			buildSettings = {
				ALWAYS_SEARCH_USER_PATHS = NO;
				CLANG_ANALYZER_NONNULL = YES;
				CLANG_ANALYZER_NUMBER_OBJECT_CONVERSION = YES_AGGRESSIVE;
				CLANG_CXX_LANGUAGE_STANDARD = "gnu++14";
				CLANG_CXX_LIBRARY = "libc++";
				CLANG_ENABLE_MODULES = YES;
				CLANG_ENABLE_OBJC_ARC = YES;
				CLANG_ENABLE_OBJC_WEAK = YES;
				CLANG_WARN_BLOCK_CAPTURE_AUTORELEASING = YES;
				CLANG_WARN_BOOL_CONVERSION = YES;
				CLANG_WARN_COMMA = YES;
				CLANG_WARN_CONSTANT_CONVERSION = YES;
				CLANG_WARN_DEPRECATED_OBJC_IMPLEMENTATIONS = YES;
				CLANG_WARN_DIRECT_OBJC_ISA_USAGE = YES_ERROR;
				CLANG_WARN_DOCUMENTATION_COMMENTS = YES;
				CLANG_WARN_EMPTY_BODY = YES;
				CLANG_WARN_ENUM_CONVERSION = YES;
				CLANG_WARN_INFINITE_RECURSION = YES;
				CLANG_WARN_INT_CONVERSION = YES;
				CLANG_WARN_NON_LITERAL_NULL_CONVERSION = YES;
				CLANG_WARN_OBJC_IMPLICIT_RETAIN_SELF = YES;
				CLANG_WARN_OBJC_LITERAL_CONVERSION = YES;
				CLANG_WARN_OBJC_ROOT_CLASS = YES_ERROR;
				CLANG_WARN_QUOTED_INCLUDE_IN_FRAMEWORK_HEADER = YES;
				CLANG_WARN_RANGE_LOOP_ANALYSIS = YES;
				CLANG_WARN_STRICT_PROTOTYPES = YES;
				CLANG_WARN_SUSPICIOUS_MOVE = YES;
				CLANG_WARN_UNGUARDED_AVAILABILITY = YES_AGGRESSIVE;
				CLANG_WARN_UNREACHABLE_CODE = YES;
				CLANG_WARN__DUPLICATE_METHOD_MATCH = YES;
				COPY_PHASE_STRIP = NO;
				DEBUG_INFORMATION_FORMAT = "dwarf-with-dsym";
				ENABLE_NS_ASSERTIONS = NO;
				ENABLE_STRICT_OBJC_MSGSEND = YES;
				GCC_C_LANGUAGE_STANDARD = gnu11;
				GCC_NO_COMMON_BLOCKS = YES;
				GCC_WARN_64_TO_32_BIT_CONVERSION = YES;
				GCC_WARN_ABOUT_RETURN_TYPE = YES_ERROR;
				GCC_WARN_UNDECLARED_SELECTOR = YES;
				GCC_WARN_UNINITIALIZED_AUTOS = YES_AGGRESSIVE;
				GCC_WARN_UNUSED_FUNCTION = YES;
				GCC_WARN_UNUSED_VARIABLE = YES;
				IPHONEOS_DEPLOYMENT_TARGET = 14.5;
				MTL_ENABLE_DEBUG_INFO = NO;
				MTL_FAST_MATH = YES;
				SDKROOT = iphoneos;
				SWIFT_COMPILATION_MODE = wholemodule;
				SWIFT_OPTIMIZATION_LEVEL = "-O";
				VALIDATE_PRODUCT = YES;
			};
			name = Release;
		};
		24DB204626EFD32E006BA70A /* Debug */ = {
			isa = XCBuildConfiguration;
			buildSettings = {
				ASSETCATALOG_COMPILER_APPICON_NAME = AppIcon;
				ASSETCATALOG_COMPILER_GLOBAL_ACCENT_COLOR_NAME = AccentColor;
				CODE_SIGN_STYLE = Automatic;
				CURRENT_PROJECT_VERSION = 1;
				DEVELOPMENT_ASSET_PATHS = "\"lensetracker/Preview Content\"";
				DEVELOPMENT_TEAM = BN7A8CTNT5;
				ENABLE_PREVIEWS = YES;
				INFOPLIST_FILE = lensetracker/Info.plist;
				IPHONEOS_DEPLOYMENT_TARGET = 14.0;
				LD_RUNPATH_SEARCH_PATHS = (
					"$(inherited)",
					"@executable_path/Frameworks",
				);
				MARKETING_VERSION = 1.0.2;
				PRODUCT_BUNDLE_IDENTIFIER = com.onecupofcoffee.lensetracker;
				PRODUCT_NAME = "$(TARGET_NAME)";
				SWIFT_VERSION = 5.0;
				TARGETED_DEVICE_FAMILY = "1,2";
			};
			name = Debug;
		};
		24DB204726EFD32E006BA70A /* Release */ = {
			isa = XCBuildConfiguration;
			buildSettings = {
				ASSETCATALOG_COMPILER_APPICON_NAME = AppIcon;
				ASSETCATALOG_COMPILER_GLOBAL_ACCENT_COLOR_NAME = AccentColor;
				CODE_SIGN_STYLE = Automatic;
				CURRENT_PROJECT_VERSION = 1;
				DEVELOPMENT_ASSET_PATHS = "\"lensetracker/Preview Content\"";
				DEVELOPMENT_TEAM = BN7A8CTNT5;
				ENABLE_PREVIEWS = YES;
				INFOPLIST_FILE = lensetracker/Info.plist;
				IPHONEOS_DEPLOYMENT_TARGET = 14.0;
				LD_RUNPATH_SEARCH_PATHS = (
					"$(inherited)",
					"@executable_path/Frameworks",
				);
				MARKETING_VERSION = 1.0.2;
				PRODUCT_BUNDLE_IDENTIFIER = com.onecupofcoffee.lensetracker;
				PRODUCT_NAME = "$(TARGET_NAME)";
				SWIFT_VERSION = 5.0;
				TARGETED_DEVICE_FAMILY = "1,2";
			};
			name = Release;
		};
/* End XCBuildConfiguration section */

/* Begin XCConfigurationList section */
		24037614282803F600014ACD /* Build configuration list for PBXNativeTarget "lensetrackerTests" */ = {
			isa = XCConfigurationList;
			buildConfigurations = (
				24037612282803F600014ACD /* Debug */,
				24037613282803F600014ACD /* Release */,
			);
			defaultConfigurationIsVisible = 0;
			defaultConfigurationName = Release;
		};
		2462B711282B8E3B005BB1E9 /* Build configuration list for PBXNativeTarget "lensetrackerUITests" */ = {
			isa = XCConfigurationList;
			buildConfigurations = (
				2462B712282B8E3B005BB1E9 /* Debug */,
				2462B713282B8E3B005BB1E9 /* Release */,
			);
			defaultConfigurationIsVisible = 0;
			defaultConfigurationName = Release;
		};
		24DB203126EFD32D006BA70A /* Build configuration list for PBXProject "lensetracker" */ = {
			isa = XCConfigurationList;
			buildConfigurations = (
				24DB204326EFD32E006BA70A /* Debug */,
				24DB204426EFD32E006BA70A /* Release */,
			);
			defaultConfigurationIsVisible = 0;
			defaultConfigurationName = Release;
		};
		24DB204526EFD32E006BA70A /* Build configuration list for PBXNativeTarget "lensetracker" */ = {
			isa = XCConfigurationList;
			buildConfigurations = (
				24DB204626EFD32E006BA70A /* Debug */,
				24DB204726EFD32E006BA70A /* Release */,
			);
			defaultConfigurationIsVisible = 0;
			defaultConfigurationName = Release;
		};
/* End XCConfigurationList section */
	};
	rootObject = 24DB202E26EFD32D006BA70A /* Project object */;
}
