// !$*UTF8*$!
{
	archiveVersion = 1;
	classes = {
	};
	objectVersion = 50;
	objects = {

/* Begin PBXBuildFile section */
		241B934C27010EE30092F9A1 /* LenseImageView.swift in Sources */ = {isa = PBXBuildFile; fileRef = 241B934B27010EE30092F9A1 /* LenseImageView.swift */; };
		248AB05A270B369000C379EE /* AppSettingsView.swift in Sources */ = {isa = PBXBuildFile; fileRef = 248AB059270B369000C379EE /* AppSettingsView.swift */; };
		24D2790827023D2A00A813EB /* LensesDetails.swift in Sources */ = {isa = PBXBuildFile; fileRef = 24D2790727023D2A00A813EB /* LensesDetails.swift */; };
		24DB203A26EFD32D006BA70A /* lensetrackerApp.swift in Sources */ = {isa = PBXBuildFile; fileRef = 24DB203926EFD32D006BA70A /* lensetrackerApp.swift */; };
		24DB203C26EFD32D006BA70A /* LenseTrackerView.swift in Sources */ = {isa = PBXBuildFile; fileRef = 24DB203B26EFD32D006BA70A /* LenseTrackerView.swift */; };
		24DB203E26EFD32E006BA70A /* Assets.xcassets in Resources */ = {isa = PBXBuildFile; fileRef = 24DB203D26EFD32E006BA70A /* Assets.xcassets */; };
		24DB204126EFD32E006BA70A /* Preview Assets.xcassets in Resources */ = {isa = PBXBuildFile; fileRef = 24DB204026EFD32E006BA70A /* Preview Assets.xcassets */; };
		24DB204926F25A1C006BA70A /* LenseTrackerModel.swift in Sources */ = {isa = PBXBuildFile; fileRef = 24DB204826F25A1C006BA70A /* LenseTrackerModel.swift */; };
		24DB204B26F25DFC006BA70A /* LenseTrackerViewModel.swift in Sources */ = {isa = PBXBuildFile; fileRef = 24DB204A26F25DFC006BA70A /* LenseTrackerViewModel.swift */; };
		24DB204D26F90413006BA70A /* SetupLensesView.swift in Sources */ = {isa = PBXBuildFile; fileRef = 24DB204C26F90413006BA70A /* SetupLensesView.swift */; };
/* End PBXBuildFile section */

/* Begin PBXFileReference section */
		241B934B27010EE30092F9A1 /* LenseImageView.swift */ = {isa = PBXFileReference; lastKnownFileType = sourcecode.swift; path = LenseImageView.swift; sourceTree = "<group>"; };
		248AB059270B369000C379EE /* AppSettingsView.swift */ = {isa = PBXFileReference; lastKnownFileType = sourcecode.swift; path = AppSettingsView.swift; sourceTree = "<group>"; };
		24D2790727023D2A00A813EB /* LensesDetails.swift */ = {isa = PBXFileReference; lastKnownFileType = sourcecode.swift; path = LensesDetails.swift; sourceTree = "<group>"; };
		24DB203626EFD32D006BA70A /* lensetracker.app */ = {isa = PBXFileReference; explicitFileType = wrapper.application; includeInIndex = 0; path = lensetracker.app; sourceTree = BUILT_PRODUCTS_DIR; };
		24DB203926EFD32D006BA70A /* lensetrackerApp.swift */ = {isa = PBXFileReference; lastKnownFileType = sourcecode.swift; path = lensetrackerApp.swift; sourceTree = "<group>"; };
		24DB203B26EFD32D006BA70A /* LenseTrackerView.swift */ = {isa = PBXFileReference; lastKnownFileType = sourcecode.swift; path = LenseTrackerView.swift; sourceTree = "<group>"; };
		24DB203D26EFD32E006BA70A /* Assets.xcassets */ = {isa = PBXFileReference; lastKnownFileType = folder.assetcatalog; path = Assets.xcassets; sourceTree = "<group>"; };
		24DB204026EFD32E006BA70A /* Preview Assets.xcassets */ = {isa = PBXFileReference; lastKnownFileType = folder.assetcatalog; path = "Preview Assets.xcassets"; sourceTree = "<group>"; };
		24DB204226EFD32E006BA70A /* Info.plist */ = {isa = PBXFileReference; lastKnownFileType = text.plist.xml; path = Info.plist; sourceTree = "<group>"; };
		24DB204826F25A1C006BA70A /* LenseTrackerModel.swift */ = {isa = PBXFileReference; lastKnownFileType = sourcecode.swift; path = LenseTrackerModel.swift; sourceTree = "<group>"; };
		24DB204A26F25DFC006BA70A /* LenseTrackerViewModel.swift */ = {isa = PBXFileReference; lastKnownFileType = sourcecode.swift; path = LenseTrackerViewModel.swift; sourceTree = "<group>"; };
		24DB204C26F90413006BA70A /* SetupLensesView.swift */ = {isa = PBXFileReference; lastKnownFileType = sourcecode.swift; path = SetupLensesView.swift; sourceTree = "<group>"; };
/* End PBXFileReference section */

/* Begin PBXFrameworksBuildPhase section */
		24DB203326EFD32D006BA70A /* Frameworks */ = {
			isa = PBXFrameworksBuildPhase;
			buildActionMask = 2147483647;
			files = (
			);
			runOnlyForDeploymentPostprocessing = 0;
		};
/* End PBXFrameworksBuildPhase section */

/* Begin PBXGroup section */
		24DB202D26EFD32D006BA70A = {
			isa = PBXGroup;
			children = (
				24DB203826EFD32D006BA70A /* lensetracker */,
				24DB203726EFD32D006BA70A /* Products */,
			);
			sourceTree = "<group>";
		};
		24DB203726EFD32D006BA70A /* Products */ = {
			isa = PBXGroup;
			children = (
				24DB203626EFD32D006BA70A /* lensetracker.app */,
			);
			name = Products;
			sourceTree = "<group>";
		};
		24DB203826EFD32D006BA70A /* lensetracker */ = {
			isa = PBXGroup;
			children = (
				24DB203926EFD32D006BA70A /* lensetrackerApp.swift */,
				24DB204826F25A1C006BA70A /* LenseTrackerModel.swift */,
				24DB204A26F25DFC006BA70A /* LenseTrackerViewModel.swift */,
				24DB203B26EFD32D006BA70A /* LenseTrackerView.swift */,
				241B934B27010EE30092F9A1 /* LenseImageView.swift */,
				24DB204C26F90413006BA70A /* SetupLensesView.swift */,
				248AB059270B369000C379EE /* AppSettingsView.swift */,
				24D2790727023D2A00A813EB /* LensesDetails.swift */,
				24DB203D26EFD32E006BA70A /* Assets.xcassets */,
				24DB204226EFD32E006BA70A /* Info.plist */,
				24DB203F26EFD32E006BA70A /* Preview Content */,
			);
			path = lensetracker;
			sourceTree = "<group>";
		};
		24DB203F26EFD32E006BA70A /* Preview Content */ = {
			isa = PBXGroup;
			children = (
				24DB204026EFD32E006BA70A /* Preview Assets.xcassets */,
			);
			path = "Preview Content";
			sourceTree = "<group>";
		};
/* End PBXGroup section */

/* Begin PBXNativeTarget section */
		24DB203526EFD32D006BA70A /* lensetracker */ = {
			isa = PBXNativeTarget;
			buildConfigurationList = 24DB204526EFD32E006BA70A /* Build configuration list for PBXNativeTarget "lensetracker" */;
			buildPhases = (
				24DB203226EFD32D006BA70A /* Sources */,
				24DB203326EFD32D006BA70A /* Frameworks */,
				24DB203426EFD32D006BA70A /* Resources */,
			);
			buildRules = (
			);
			dependencies = (
			);
			name = lensetracker;
			productName = lensetracker;
			productReference = 24DB203626EFD32D006BA70A /* lensetracker.app */;
			productType = "com.apple.product-type.application";
		};
/* End PBXNativeTarget section */

/* Begin PBXProject section */
		24DB202E26EFD32D006BA70A /* Project object */ = {
			isa = PBXProject;
			attributes = {
				LastSwiftUpdateCheck = 1250;
				LastUpgradeCheck = 1250;
				TargetAttributes = {
					24DB203526EFD32D006BA70A = {
						CreatedOnToolsVersion = 12.5.1;
					};
				};
			};
			buildConfigurationList = 24DB203126EFD32D006BA70A /* Build configuration list for PBXProject "lensetracker" */;
			compatibilityVersion = "Xcode 9.3";
			developmentRegion = en;
			hasScannedForEncodings = 0;
			knownRegions = (
				en,
				Base,
			);
			mainGroup = 24DB202D26EFD32D006BA70A;
			productRefGroup = 24DB203726EFD32D006BA70A /* Products */;
			projectDirPath = "";
			projectRoot = "";
			targets = (
				24DB203526EFD32D006BA70A /* lensetracker */,
			);
		};
/* End PBXProject section */

/* Begin PBXResourcesBuildPhase section */
		24DB203426EFD32D006BA70A /* Resources */ = {
			isa = PBXResourcesBuildPhase;
			buildActionMask = 2147483647;
			files = (
				24DB204126EFD32E006BA70A /* Preview Assets.xcassets in Resources */,
				24DB203E26EFD32E006BA70A /* Assets.xcassets in Resources */,
			);
			runOnlyForDeploymentPostprocessing = 0;
		};
/* End PBXResourcesBuildPhase section */

/* Begin PBXSourcesBuildPhase section */
		24DB203226EFD32D006BA70A /* Sources */ = {
			isa = PBXSourcesBuildPhase;
			buildActionMask = 2147483647;
			files = (
				24DB203C26EFD32D006BA70A /* LenseTrackerView.swift in Sources */,
				24DB204B26F25DFC006BA70A /* LenseTrackerViewModel.swift in Sources */,
				24D2790827023D2A00A813EB /* LensesDetails.swift in Sources */,
				24DB204926F25A1C006BA70A /* LenseTrackerModel.swift in Sources */,
				24DB204D26F90413006BA70A /* SetupLensesView.swift in Sources */,
				248AB05A270B369000C379EE /* AppSettingsView.swift in Sources */,
				241B934C27010EE30092F9A1 /* LenseImageView.swift in Sources */,
				24DB203A26EFD32D006BA70A /* lensetrackerApp.swift in Sources */,
			);
			runOnlyForDeploymentPostprocessing = 0;
		};
/* End PBXSourcesBuildPhase section */

/* Begin XCBuildConfiguration section */
		24DB204326EFD32E006BA70A /* Debug */ = {
			isa = XCBuildConfiguration;
			buildSettings = {
				ALWAYS_SEARCH_USER_PATHS = NO;
				CLANG_ANALYZER_NONNULL = YES;
				CLANG_ANALYZER_NUMBER_OBJECT_CONVERSION = YES_AGGRESSIVE;
				CLANG_CXX_LANGUAGE_STANDARD = "gnu++14";
				CLANG_CXX_LIBRARY = "libc++";
				CLANG_ENABLE_MODULES = YES;
				CLANG_ENABLE_OBJC_ARC = YES;
				CLANG_ENABLE_OBJC_WEAK = YES;
				CLANG_WARN_BLOCK_CAPTURE_AUTORELEASING = YES;
				CLANG_WARN_BOOL_CONVERSION = YES;
				CLANG_WARN_COMMA = YES;
				CLANG_WARN_CONSTANT_CONVERSION = YES;
				CLANG_WARN_DEPRECATED_OBJC_IMPLEMENTATIONS = YES;
				CLANG_WARN_DIRECT_OBJC_ISA_USAGE = YES_ERROR;
				CLANG_WARN_DOCUMENTATION_COMMENTS = YES;
				CLANG_WARN_EMPTY_BODY = YES;
				CLANG_WARN_ENUM_CONVERSION = YES;
				CLANG_WARN_INFINITE_RECURSION = YES;
				CLANG_WARN_INT_CONVERSION = YES;
				CLANG_WARN_NON_LITERAL_NULL_CONVERSION = YES;
				CLANG_WARN_OBJC_IMPLICIT_RETAIN_SELF = YES;
				CLANG_WARN_OBJC_LITERAL_CONVERSION = YES;
				CLANG_WARN_OBJC_ROOT_CLASS = YES_ERROR;
				CLANG_WARN_QUOTED_INCLUDE_IN_FRAMEWORK_HEADER = YES;
				CLANG_WARN_RANGE_LOOP_ANALYSIS = YES;
				CLANG_WARN_STRICT_PROTOTYPES = YES;
				CLANG_WARN_SUSPICIOUS_MOVE = YES;
				CLANG_WARN_UNGUARDED_AVAILABILITY = YES_AGGRESSIVE;
				CLANG_WARN_UNREACHABLE_CODE = YES;
				CLANG_WARN__DUPLICATE_METHOD_MATCH = YES;
				COPY_PHASE_STRIP = NO;
				DEBUG_INFORMATION_FORMAT = dwarf;
				ENABLE_STRICT_OBJC_MSGSEND = YES;
				ENABLE_TESTABILITY = YES;
				GCC_C_LANGUAGE_STANDARD = gnu11;
				GCC_DYNAMIC_NO_PIC = NO;
				GCC_NO_COMMON_BLOCKS = YES;
				GCC_OPTIMIZATION_LEVEL = 0;
				GCC_PREPROCESSOR_DEFINITIONS = (
					"DEBUG=1",
					"$(inherited)",
				);
				GCC_WARN_64_TO_32_BIT_CONVERSION = YES;
				GCC_WARN_ABOUT_RETURN_TYPE = YES_ERROR;
				GCC_WARN_UNDECLARED_SELECTOR = YES;
				GCC_WARN_UNINITIALIZED_AUTOS = YES_AGGRESSIVE;
				GCC_WARN_UNUSED_FUNCTION = YES;
				GCC_WARN_UNUSED_VARIABLE = YES;
				IPHONEOS_DEPLOYMENT_TARGET = 14.5;
				MTL_ENABLE_DEBUG_INFO = INCLUDE_SOURCE;
				MTL_FAST_MATH = YES;
				ONLY_ACTIVE_ARCH = YES;
				SDKROOT = iphoneos;
				SWIFT_ACTIVE_COMPILATION_CONDITIONS = DEBUG;
				SWIFT_OPTIMIZATION_LEVEL = "-Onone";
			};
			name = Debug;
		};
		24DB204426EFD32E006BA70A /* Release */ = {
			isa = XCBuildConfiguration;
			buildSettings = {
				ALWAYS_SEARCH_USER_PATHS = NO;
				CLANG_ANALYZER_NONNULL = YES;
				CLANG_ANALYZER_NUMBER_OBJECT_CONVERSION = YES_AGGRESSIVE;
				CLANG_CXX_LANGUAGE_STANDARD = "gnu++14";
				CLANG_CXX_LIBRARY = "libc++";
				CLANG_ENABLE_MODULES = YES;
				CLANG_ENABLE_OBJC_ARC = YES;
				CLANG_ENABLE_OBJC_WEAK = YES;
				CLANG_WARN_BLOCK_CAPTURE_AUTORELEASING = YES;
				CLANG_WARN_BOOL_CONVERSION = YES;
				CLANG_WARN_COMMA = YES;
				CLANG_WARN_CONSTANT_CONVERSION = YES;
				CLANG_WARN_DEPRECATED_OBJC_IMPLEMENTATIONS = YES;
				CLANG_WARN_DIRECT_OBJC_ISA_USAGE = YES_ERROR;
				CLANG_WARN_DOCUMENTATION_COMMENTS = YES;
				CLANG_WARN_EMPTY_BODY = YES;
				CLANG_WARN_ENUM_CONVERSION = YES;
				CLANG_WARN_INFINITE_RECURSION = YES;
				CLANG_WARN_INT_CONVERSION = YES;
				CLANG_WARN_NON_LITERAL_NULL_CONVERSION = YES;
				CLANG_WARN_OBJC_IMPLICIT_RETAIN_SELF = YES;
				CLANG_WARN_OBJC_LITERAL_CONVERSION = YES;
				CLANG_WARN_OBJC_ROOT_CLASS = YES_ERROR;
				CLANG_WARN_QUOTED_INCLUDE_IN_FRAMEWORK_HEADER = YES;
				CLANG_WARN_RANGE_LOOP_ANALYSIS = YES;
				CLANG_WARN_STRICT_PROTOTYPES = YES;
				CLANG_WARN_SUSPICIOUS_MOVE = YES;
				CLANG_WARN_UNGUARDED_AVAILABILITY = YES_AGGRESSIVE;
				CLANG_WARN_UNREACHABLE_CODE = YES;
				CLANG_WARN__DUPLICATE_METHOD_MATCH = YES;
				COPY_PHASE_STRIP = NO;
				DEBUG_INFORMATION_FORMAT = "dwarf-with-dsym";
				ENABLE_NS_ASSERTIONS = NO;
				ENABLE_STRICT_OBJC_MSGSEND = YES;
				GCC_C_LANGUAGE_STANDARD = gnu11;
				GCC_NO_COMMON_BLOCKS = YES;
				GCC_WARN_64_TO_32_BIT_CONVERSION = YES;
				GCC_WARN_ABOUT_RETURN_TYPE = YES_ERROR;
				GCC_WARN_UNDECLARED_SELECTOR = YES;
				GCC_WARN_UNINITIALIZED_AUTOS = YES_AGGRESSIVE;
				GCC_WARN_UNUSED_FUNCTION = YES;
				GCC_WARN_UNUSED_VARIABLE = YES;
				IPHONEOS_DEPLOYMENT_TARGET = 14.5;
				MTL_ENABLE_DEBUG_INFO = NO;
				MTL_FAST_MATH = YES;
				SDKROOT = iphoneos;
				SWIFT_COMPILATION_MODE = wholemodule;
				SWIFT_OPTIMIZATION_LEVEL = "-O";
				VALIDATE_PRODUCT = YES;
			};
			name = Release;
		};
		24DB204626EFD32E006BA70A /* Debug */ = {
			isa = XCBuildConfiguration;
			buildSettings = {
				ASSETCATALOG_COMPILER_APPICON_NAME = AppIcon;
				ASSETCATALOG_COMPILER_GLOBAL_ACCENT_COLOR_NAME = AccentColor;
				CODE_SIGN_STYLE = Automatic;
				CURRENT_PROJECT_VERSION = 1;
				DEVELOPMENT_ASSET_PATHS = "\"lensetracker/Preview Content\"";
				DEVELOPMENT_TEAM = BN7A8CTNT5;
				ENABLE_PREVIEWS = YES;
				INFOPLIST_FILE = lensetracker/Info.plist;
				IPHONEOS_DEPLOYMENT_TARGET = 14.0;
				LD_RUNPATH_SEARCH_PATHS = (
					"$(inherited)",
					"@executable_path/Frameworks",
				);
				MARKETING_VERSION = 1.0.1;
				PRODUCT_BUNDLE_IDENTIFIER = com.onecupofcoffee.lensetracker;
				PRODUCT_NAME = "$(TARGET_NAME)";
				SWIFT_VERSION = 5.0;
				TARGETED_DEVICE_FAMILY = "1,2";
			};
			name = Debug;
		};
		24DB204726EFD32E006BA70A /* Release */ = {
			isa = XCBuildConfiguration;
			buildSettings = {
				ASSETCATALOG_COMPILER_APPICON_NAME = AppIcon;
				ASSETCATALOG_COMPILER_GLOBAL_ACCENT_COLOR_NAME = AccentColor;
				CODE_SIGN_STYLE = Automatic;
				CURRENT_PROJECT_VERSION = 1;
				DEVELOPMENT_ASSET_PATHS = "\"lensetracker/Preview Content\"";
				DEVELOPMENT_TEAM = BN7A8CTNT5;
				ENABLE_PREVIEWS = YES;
				INFOPLIST_FILE = lensetracker/Info.plist;
				IPHONEOS_DEPLOYMENT_TARGET = 14.0;
				LD_RUNPATH_SEARCH_PATHS = (
					"$(inherited)",
					"@executable_path/Frameworks",
				);
				MARKETING_VERSION = 1.0.1;
				PRODUCT_BUNDLE_IDENTIFIER = com.onecupofcoffee.lensetracker;
				PRODUCT_NAME = "$(TARGET_NAME)";
				SWIFT_VERSION = 5.0;
				TARGETED_DEVICE_FAMILY = "1,2";
			};
			name = Release;
		};
/* End XCBuildConfiguration section */

/* Begin XCConfigurationList section */
		24DB203126EFD32D006BA70A /* Build configuration list for PBXProject "lensetracker" */ = {
			isa = XCConfigurationList;
			buildConfigurations = (
				24DB204326EFD32E006BA70A /* Debug */,
				24DB204426EFD32E006BA70A /* Release */,
			);
			defaultConfigurationIsVisible = 0;
			defaultConfigurationName = Release;
		};
		24DB204526EFD32E006BA70A /* Build configuration list for PBXNativeTarget "lensetracker" */ = {
			isa = XCConfigurationList;
			buildConfigurations = (
				24DB204626EFD32E006BA70A /* Debug */,
				24DB204726EFD32E006BA70A /* Release */,
			);
			defaultConfigurationIsVisible = 0;
			defaultConfigurationName = Release;
		};
/* End XCConfigurationList section */
	};
	rootObject = 24DB202E26EFD32D006BA70A /* Project object */;
}
