// !$*UTF8*$!
{
	archiveVersion = 1;
	classes = {
	};
	objectVersion = 50;
	objects = {

/* Begin PBXBuildFile section */
		24983F1C26DCBD9600ACCAEC /* AppDelegate.swift in Sources */ = {isa = PBXBuildFile; fileRef = 24983F1B26DCBD9600ACCAEC /* AppDelegate.swift */; };
		24983F1E26DCBD9600ACCAEC /* SceneDelegate.swift in Sources */ = {isa = PBXBuildFile; fileRef = 24983F1D26DCBD9600ACCAEC /* SceneDelegate.swift */; };
		24983F2026DCBD9600ACCAEC /* ContentView.swift in Sources */ = {isa = PBXBuildFile; fileRef = 24983F1F26DCBD9600ACCAEC /* ContentView.swift */; };
		24983F2326DCBD9600ACCAEC /* LenseTracker.xcdatamodeld in Sources */ = {isa = PBXBuildFile; fileRef = 24983F2126DCBD9600ACCAEC /* LenseTracker.xcdatamodeld */; };
		24983F2526DCBD9600ACCAEC /* Assets.xcassets in Resources */ = {isa = PBXBuildFile; fileRef = 24983F2426DCBD9600ACCAEC /* Assets.xcassets */; };
		24983F2826DCBD9600ACCAEC /* Preview Assets.xcassets in Resources */ = {isa = PBXBuildFile; fileRef = 24983F2726DCBD9600ACCAEC /* Preview Assets.xcassets */; };
		24983F2B26DCBD9600ACCAEC /* LaunchScreen.storyboard in Resources */ = {isa = PBXBuildFile; fileRef = 24983F2926DCBD9600ACCAEC /* LaunchScreen.storyboard */; };
		24983F3326DD184A00ACCAEC /* SettingsView.swift in Sources */ = {isa = PBXBuildFile; fileRef = 24983F3226DD184A00ACCAEC /* SettingsView.swift */; };
		24983F3526DD479F00ACCAEC /* LensesManagementView.swift in Sources */ = {isa = PBXBuildFile; fileRef = 24983F3426DD479F00ACCAEC /* LensesManagementView.swift */; };
		24983F3726DD487F00ACCAEC /* OperationsView.swift in Sources */ = {isa = PBXBuildFile; fileRef = 24983F3626DD487F00ACCAEC /* OperationsView.swift */; };
		24983F3D26DE661F00ACCAEC /* Lenses.swift in Sources */ = {isa = PBXBuildFile; fileRef = 24983F3C26DE661F00ACCAEC /* Lenses.swift */; };
		24983F3F26DE871A00ACCAEC /* database.swift in Sources */ = {isa = PBXBuildFile; fileRef = 24983F3E26DE871A00ACCAEC /* database.swift */; };
		24983F4126DE884600ACCAEC /* lensetracker.db in Resources */ = {isa = PBXBuildFile; fileRef = 24983F4026DE884600ACCAEC /* lensetracker.db */; };
		DEE12C7F2B18848FA7BD5382 /* Pods_LenseTracker.framework in Frameworks */ = {isa = PBXBuildFile; fileRef = 4EBBB2A99E3DD1D8A7F471E3 /* Pods_LenseTracker.framework */; };
/* End PBXBuildFile section */

/* Begin PBXFileReference section */
		24983F1826DCBD9600ACCAEC /* LenseTracker.app */ = {isa = PBXFileReference; explicitFileType = wrapper.application; includeInIndex = 0; path = LenseTracker.app; sourceTree = BUILT_PRODUCTS_DIR; };
		24983F1B26DCBD9600ACCAEC /* AppDelegate.swift */ = {isa = PBXFileReference; lastKnownFileType = sourcecode.swift; path = AppDelegate.swift; sourceTree = "<group>"; };
		24983F1D26DCBD9600ACCAEC /* SceneDelegate.swift */ = {isa = PBXFileReference; lastKnownFileType = sourcecode.swift; path = SceneDelegate.swift; sourceTree = "<group>"; };
		24983F1F26DCBD9600ACCAEC /* ContentView.swift */ = {isa = PBXFileReference; lastKnownFileType = sourcecode.swift; path = ContentView.swift; sourceTree = "<group>"; };
		24983F2226DCBD9600ACCAEC /* LenseTracker.xcdatamodel */ = {isa = PBXFileReference; lastKnownFileType = wrapper.xcdatamodel; path = LenseTracker.xcdatamodel; sourceTree = "<group>"; };
		24983F2426DCBD9600ACCAEC /* Assets.xcassets */ = {isa = PBXFileReference; lastKnownFileType = folder.assetcatalog; path = Assets.xcassets; sourceTree = "<group>"; };
		24983F2726DCBD9600ACCAEC /* Preview Assets.xcassets */ = {isa = PBXFileReference; lastKnownFileType = folder.assetcatalog; path = "Preview Assets.xcassets"; sourceTree = "<group>"; };
		24983F2A26DCBD9600ACCAEC /* Base */ = {isa = PBXFileReference; lastKnownFileType = file.storyboard; name = Base; path = Base.lproj/LaunchScreen.storyboard; sourceTree = "<group>"; };
		24983F2C26DCBD9600ACCAEC /* Info.plist */ = {isa = PBXFileReference; lastKnownFileType = text.plist.xml; path = Info.plist; sourceTree = "<group>"; };
		24983F3226DD184A00ACCAEC /* SettingsView.swift */ = {isa = PBXFileReference; lastKnownFileType = sourcecode.swift; path = SettingsView.swift; sourceTree = "<group>"; };
		24983F3426DD479F00ACCAEC /* LensesManagementView.swift */ = {isa = PBXFileReference; lastKnownFileType = sourcecode.swift; path = LensesManagementView.swift; sourceTree = "<group>"; };
		24983F3626DD487F00ACCAEC /* OperationsView.swift */ = {isa = PBXFileReference; lastKnownFileType = sourcecode.swift; path = OperationsView.swift; sourceTree = "<group>"; };
		24983F3C26DE661F00ACCAEC /* Lenses.swift */ = {isa = PBXFileReference; lastKnownFileType = sourcecode.swift; path = Lenses.swift; sourceTree = "<group>"; };
		24983F3E26DE871A00ACCAEC /* database.swift */ = {isa = PBXFileReference; lastKnownFileType = sourcecode.swift; path = database.swift; sourceTree = "<group>"; };
		24983F4026DE884600ACCAEC /* lensetracker.db */ = {isa = PBXFileReference; lastKnownFileType = file; path = lensetracker.db; sourceTree = "<group>"; };
		4EBBB2A99E3DD1D8A7F471E3 /* Pods_LenseTracker.framework */ = {isa = PBXFileReference; explicitFileType = wrapper.framework; includeInIndex = 0; path = Pods_LenseTracker.framework; sourceTree = BUILT_PRODUCTS_DIR; };
		70CF977B1AC662321B28BCF2 /* Pods-LenseTracker.release.xcconfig */ = {isa = PBXFileReference; includeInIndex = 1; lastKnownFileType = text.xcconfig; name = "Pods-LenseTracker.release.xcconfig"; path = "Target Support Files/Pods-LenseTracker/Pods-LenseTracker.release.xcconfig"; sourceTree = "<group>"; };
		956A22557183E8976E87EEF1 /* Pods-LenseTracker.debug.xcconfig */ = {isa = PBXFileReference; includeInIndex = 1; lastKnownFileType = text.xcconfig; name = "Pods-LenseTracker.debug.xcconfig"; path = "Target Support Files/Pods-LenseTracker/Pods-LenseTracker.debug.xcconfig"; sourceTree = "<group>"; };
/* End PBXFileReference section */

/* Begin PBXFrameworksBuildPhase section */
		24983F1526DCBD9600ACCAEC /* Frameworks */ = {
			isa = PBXFrameworksBuildPhase;
			buildActionMask = 2147483647;
			files = (
				DEE12C7F2B18848FA7BD5382 /* Pods_LenseTracker.framework in Frameworks */,
			);
			runOnlyForDeploymentPostprocessing = 0;
		};
/* End PBXFrameworksBuildPhase section */

/* Begin PBXGroup section */
		209E35EA0888B6DDD5F8D752 /* Frameworks */ = {
			isa = PBXGroup;
			children = (
				4EBBB2A99E3DD1D8A7F471E3 /* Pods_LenseTracker.framework */,
			);
			name = Frameworks;
			sourceTree = "<group>";
		};
		24983F0F26DCBD9600ACCAEC = {
			isa = PBXGroup;
			children = (
				24983F1A26DCBD9600ACCAEC /* LenseTracker */,
				24983F1926DCBD9600ACCAEC /* Products */,
				78FC706C57E8F9FD89B46CFE /* Pods */,
				209E35EA0888B6DDD5F8D752 /* Frameworks */,
			);
			sourceTree = "<group>";
		};
		24983F1926DCBD9600ACCAEC /* Products */ = {
			isa = PBXGroup;
			children = (
				24983F1826DCBD9600ACCAEC /* LenseTracker.app */,
			);
			name = Products;
			sourceTree = "<group>";
		};
		24983F1A26DCBD9600ACCAEC /* LenseTracker */ = {
			isa = PBXGroup;
			children = (
				24983F3A26DE64D200ACCAEC /* Views */,
				24983F1B26DCBD9600ACCAEC /* AppDelegate.swift */,
				24983F1D26DCBD9600ACCAEC /* SceneDelegate.swift */,
				24983F2426DCBD9600ACCAEC /* Assets.xcassets */,
				24983F2926DCBD9600ACCAEC /* LaunchScreen.storyboard */,
				24983F2C26DCBD9600ACCAEC /* Info.plist */,
				24983F2126DCBD9600ACCAEC /* LenseTracker.xcdatamodeld */,
				24983F4026DE884600ACCAEC /* lensetracker.db */,
				24983F2626DCBD9600ACCAEC /* Preview Content */,
			);
			path = LenseTracker;
			sourceTree = "<group>";
		};
		24983F2626DCBD9600ACCAEC /* Preview Content */ = {
			isa = PBXGroup;
			children = (
				24983F2726DCBD9600ACCAEC /* Preview Assets.xcassets */,
			);
			path = "Preview Content";
			sourceTree = "<group>";
		};
		24983F3A26DE64D200ACCAEC /* Views */ = {
			isa = PBXGroup;
			children = (
				24983F1F26DCBD9600ACCAEC /* ContentView.swift */,
				24983F3626DD487F00ACCAEC /* OperationsView.swift */,
				24983F3426DD479F00ACCAEC /* LensesManagementView.swift */,
				24983F3226DD184A00ACCAEC /* SettingsView.swift */,
				24983F3B26DE65FC00ACCAEC /* Models */,
			);
			path = Views;
			sourceTree = "<group>";
		};
		24983F3B26DE65FC00ACCAEC /* Models */ = {
			isa = PBXGroup;
			children = (
				24983F3E26DE871A00ACCAEC /* database.swift */,
				24983F3C26DE661F00ACCAEC /* Lenses.swift */,
			);
			path = Models;
			sourceTree = "<group>";
		};
		78FC706C57E8F9FD89B46CFE /* Pods */ = {
			isa = PBXGroup;
			children = (
				956A22557183E8976E87EEF1 /* Pods-LenseTracker.debug.xcconfig */,
				70CF977B1AC662321B28BCF2 /* Pods-LenseTracker.release.xcconfig */,
			);
			name = Pods;
			path = Pods;
			sourceTree = "<group>";
		};
/* End PBXGroup section */

/* Begin PBXNativeTarget section */
		24983F1726DCBD9600ACCAEC /* LenseTracker */ = {
			isa = PBXNativeTarget;
			buildConfigurationList = 24983F2F26DCBD9600ACCAEC /* Build configuration list for PBXNativeTarget "LenseTracker" */;
			buildPhases = (
				C1E860F8617DB9DF23931D60 /* [CP] Check Pods Manifest.lock */,
				24983F1426DCBD9600ACCAEC /* Sources */,
				24983F1526DCBD9600ACCAEC /* Frameworks */,
				24983F1626DCBD9600ACCAEC /* Resources */,
				69F2EB7DC71A294F978F56E9 /* [CP] Embed Pods Frameworks */,
			);
			buildRules = (
			);
			dependencies = (
			);
			name = LenseTracker;
			productName = LenseTracker;
			productReference = 24983F1826DCBD9600ACCAEC /* LenseTracker.app */;
			productType = "com.apple.product-type.application";
		};
/* End PBXNativeTarget section */

/* Begin PBXProject section */
		24983F1026DCBD9600ACCAEC /* Project object */ = {
			isa = PBXProject;
			attributes = {
				LastSwiftUpdateCheck = 1250;
				LastUpgradeCheck = 1250;
				TargetAttributes = {
					24983F1726DCBD9600ACCAEC = {
						CreatedOnToolsVersion = 12.5.1;
					};
				};
			};
			buildConfigurationList = 24983F1326DCBD9600ACCAEC /* Build configuration list for PBXProject "LenseTracker" */;
			compatibilityVersion = "Xcode 9.3";
			developmentRegion = en;
			hasScannedForEncodings = 0;
			knownRegions = (
				en,
				Base,
			);
			mainGroup = 24983F0F26DCBD9600ACCAEC;
			productRefGroup = 24983F1926DCBD9600ACCAEC /* Products */;
			projectDirPath = "";
			projectRoot = "";
			targets = (
				24983F1726DCBD9600ACCAEC /* LenseTracker */,
			);
		};
/* End PBXProject section */

/* Begin PBXResourcesBuildPhase section */
		24983F1626DCBD9600ACCAEC /* Resources */ = {
			isa = PBXResourcesBuildPhase;
			buildActionMask = 2147483647;
			files = (
				24983F2B26DCBD9600ACCAEC /* LaunchScreen.storyboard in Resources */,
				24983F2826DCBD9600ACCAEC /* Preview Assets.xcassets in Resources */,
				24983F4126DE884600ACCAEC /* lensetracker.db in Resources */,
				24983F2526DCBD9600ACCAEC /* Assets.xcassets in Resources */,
			);
			runOnlyForDeploymentPostprocessing = 0;
		};
/* End PBXResourcesBuildPhase section */

/* Begin PBXShellScriptBuildPhase section */
		69F2EB7DC71A294F978F56E9 /* [CP] Embed Pods Frameworks */ = {
			isa = PBXShellScriptBuildPhase;
			buildActionMask = 2147483647;
			files = (
			);
			inputFileListPaths = (
				"${PODS_ROOT}/Target Support Files/Pods-LenseTracker/Pods-LenseTracker-frameworks-${CONFIGURATION}-input-files.xcfilelist",
			);
			name = "[CP] Embed Pods Frameworks";
			outputFileListPaths = (
				"${PODS_ROOT}/Target Support Files/Pods-LenseTracker/Pods-LenseTracker-frameworks-${CONFIGURATION}-output-files.xcfilelist",
			);
			runOnlyForDeploymentPostprocessing = 0;
			shellPath = /bin/sh;
			shellScript = "\"${PODS_ROOT}/Target Support Files/Pods-LenseTracker/Pods-LenseTracker-frameworks.sh\"\n";
			showEnvVarsInLog = 0;
		};
		C1E860F8617DB9DF23931D60 /* [CP] Check Pods Manifest.lock */ = {
			isa = PBXShellScriptBuildPhase;
			buildActionMask = 2147483647;
			files = (
			);
			inputFileListPaths = (
			);
			inputPaths = (
				"${PODS_PODFILE_DIR_PATH}/Podfile.lock",
				"${PODS_ROOT}/Manifest.lock",
			);
			name = "[CP] Check Pods Manifest.lock";
			outputFileListPaths = (
			);
			outputPaths = (
				"$(DERIVED_FILE_DIR)/Pods-LenseTracker-checkManifestLockResult.txt",
			);
			runOnlyForDeploymentPostprocessing = 0;
			shellPath = /bin/sh;
			shellScript = "diff \"${PODS_PODFILE_DIR_PATH}/Podfile.lock\" \"${PODS_ROOT}/Manifest.lock\" > /dev/null\nif [ $? != 0 ] ; then\n    # print error to STDERR\n    echo \"error: The sandbox is not in sync with the Podfile.lock. Run 'pod install' or update your CocoaPods installation.\" >&2\n    exit 1\nfi\n# This output is used by Xcode 'outputs' to avoid re-running this script phase.\necho \"SUCCESS\" > \"${SCRIPT_OUTPUT_FILE_0}\"\n";
			showEnvVarsInLog = 0;
		};
/* End PBXShellScriptBuildPhase section */

/* Begin PBXSourcesBuildPhase section */
		24983F1426DCBD9600ACCAEC /* Sources */ = {
			isa = PBXSourcesBuildPhase;
			buildActionMask = 2147483647;
			files = (
				24983F3326DD184A00ACCAEC /* SettingsView.swift in Sources */,
				24983F3D26DE661F00ACCAEC /* Lenses.swift in Sources */,
				24983F3526DD479F00ACCAEC /* LensesManagementView.swift in Sources */,
				24983F2326DCBD9600ACCAEC /* LenseTracker.xcdatamodeld in Sources */,
				24983F1C26DCBD9600ACCAEC /* AppDelegate.swift in Sources */,
				24983F3F26DE871A00ACCAEC /* database.swift in Sources */,
				24983F1E26DCBD9600ACCAEC /* SceneDelegate.swift in Sources */,
				24983F3726DD487F00ACCAEC /* OperationsView.swift in Sources */,
				24983F2026DCBD9600ACCAEC /* ContentView.swift in Sources */,
			);
			runOnlyForDeploymentPostprocessing = 0;
		};
/* End PBXSourcesBuildPhase section */

/* Begin PBXVariantGroup section */
		24983F2926DCBD9600ACCAEC /* LaunchScreen.storyboard */ = {
			isa = PBXVariantGroup;
			children = (
				24983F2A26DCBD9600ACCAEC /* Base */,
			);
			name = LaunchScreen.storyboard;
			sourceTree = "<group>";
		};
/* End PBXVariantGroup section */

/* Begin XCBuildConfiguration section */
		24983F2D26DCBD9600ACCAEC /* Debug */ = {
			isa = XCBuildConfiguration;
			buildSettings = {
				ALWAYS_SEARCH_USER_PATHS = NO;
				CLANG_ANALYZER_NONNULL = YES;
				CLANG_ANALYZER_NUMBER_OBJECT_CONVERSION = YES_AGGRESSIVE;
				CLANG_CXX_LANGUAGE_STANDARD = "gnu++14";
				CLANG_CXX_LIBRARY = "libc++";
				CLANG_ENABLE_MODULES = YES;
				CLANG_ENABLE_OBJC_ARC = YES;
				CLANG_ENABLE_OBJC_WEAK = YES;
				CLANG_WARN_BLOCK_CAPTURE_AUTORELEASING = YES;
				CLANG_WARN_BOOL_CONVERSION = YES;
				CLANG_WARN_COMMA = YES;
				CLANG_WARN_CONSTANT_CONVERSION = YES;
				CLANG_WARN_DEPRECATED_OBJC_IMPLEMENTATIONS = YES;
				CLANG_WARN_DIRECT_OBJC_ISA_USAGE = YES_ERROR;
				CLANG_WARN_DOCUMENTATION_COMMENTS = YES;
				CLANG_WARN_EMPTY_BODY = YES;
				CLANG_WARN_ENUM_CONVERSION = YES;
				CLANG_WARN_INFINITE_RECURSION = YES;
				CLANG_WARN_INT_CONVERSION = YES;
				CLANG_WARN_NON_LITERAL_NULL_CONVERSION = YES;
				CLANG_WARN_OBJC_IMPLICIT_RETAIN_SELF = YES;
				CLANG_WARN_OBJC_LITERAL_CONVERSION = YES;
				CLANG_WARN_OBJC_ROOT_CLASS = YES_ERROR;
				CLANG_WARN_QUOTED_INCLUDE_IN_FRAMEWORK_HEADER = YES;
				CLANG_WARN_RANGE_LOOP_ANALYSIS = YES;
				CLANG_WARN_STRICT_PROTOTYPES = YES;
				CLANG_WARN_SUSPICIOUS_MOVE = YES;
				CLANG_WARN_UNGUARDED_AVAILABILITY = YES_AGGRESSIVE;
				CLANG_WARN_UNREACHABLE_CODE = YES;
				CLANG_WARN__DUPLICATE_METHOD_MATCH = YES;
				COPY_PHASE_STRIP = NO;
				DEBUG_INFORMATION_FORMAT = dwarf;
				ENABLE_STRICT_OBJC_MSGSEND = YES;
				ENABLE_TESTABILITY = YES;
				GCC_C_LANGUAGE_STANDARD = gnu11;
				GCC_DYNAMIC_NO_PIC = NO;
				GCC_NO_COMMON_BLOCKS = YES;
				GCC_OPTIMIZATION_LEVEL = 0;
				GCC_PREPROCESSOR_DEFINITIONS = (
					"DEBUG=1",
					"$(inherited)",
				);
				GCC_WARN_64_TO_32_BIT_CONVERSION = YES;
				GCC_WARN_ABOUT_RETURN_TYPE = YES_ERROR;
				GCC_WARN_UNDECLARED_SELECTOR = YES;
				GCC_WARN_UNINITIALIZED_AUTOS = YES_AGGRESSIVE;
				GCC_WARN_UNUSED_FUNCTION = YES;
				GCC_WARN_UNUSED_VARIABLE = YES;
				IPHONEOS_DEPLOYMENT_TARGET = 14.5;
				MTL_ENABLE_DEBUG_INFO = INCLUDE_SOURCE;
				MTL_FAST_MATH = YES;
				ONLY_ACTIVE_ARCH = YES;
				SDKROOT = iphoneos;
				SWIFT_ACTIVE_COMPILATION_CONDITIONS = DEBUG;
				SWIFT_OPTIMIZATION_LEVEL = "-Onone";
			};
			name = Debug;
		};
		24983F2E26DCBD9600ACCAEC /* Release */ = {
			isa = XCBuildConfiguration;
			buildSettings = {
				ALWAYS_SEARCH_USER_PATHS = NO;
				CLANG_ANALYZER_NONNULL = YES;
				CLANG_ANALYZER_NUMBER_OBJECT_CONVERSION = YES_AGGRESSIVE;
				CLANG_CXX_LANGUAGE_STANDARD = "gnu++14";
				CLANG_CXX_LIBRARY = "libc++";
				CLANG_ENABLE_MODULES = YES;
				CLANG_ENABLE_OBJC_ARC = YES;
				CLANG_ENABLE_OBJC_WEAK = YES;
				CLANG_WARN_BLOCK_CAPTURE_AUTORELEASING = YES;
				CLANG_WARN_BOOL_CONVERSION = YES;
				CLANG_WARN_COMMA = YES;
				CLANG_WARN_CONSTANT_CONVERSION = YES;
				CLANG_WARN_DEPRECATED_OBJC_IMPLEMENTATIONS = YES;
				CLANG_WARN_DIRECT_OBJC_ISA_USAGE = YES_ERROR;
				CLANG_WARN_DOCUMENTATION_COMMENTS = YES;
				CLANG_WARN_EMPTY_BODY = YES;
				CLANG_WARN_ENUM_CONVERSION = YES;
				CLANG_WARN_INFINITE_RECURSION = YES;
				CLANG_WARN_INT_CONVERSION = YES;
				CLANG_WARN_NON_LITERAL_NULL_CONVERSION = YES;
				CLANG_WARN_OBJC_IMPLICIT_RETAIN_SELF = YES;
				CLANG_WARN_OBJC_LITERAL_CONVERSION = YES;
				CLANG_WARN_OBJC_ROOT_CLASS = YES_ERROR;
				CLANG_WARN_QUOTED_INCLUDE_IN_FRAMEWORK_HEADER = YES;
				CLANG_WARN_RANGE_LOOP_ANALYSIS = YES;
				CLANG_WARN_STRICT_PROTOTYPES = YES;
				CLANG_WARN_SUSPICIOUS_MOVE = YES;
				CLANG_WARN_UNGUARDED_AVAILABILITY = YES_AGGRESSIVE;
				CLANG_WARN_UNREACHABLE_CODE = YES;
				CLANG_WARN__DUPLICATE_METHOD_MATCH = YES;
				COPY_PHASE_STRIP = NO;
				DEBUG_INFORMATION_FORMAT = "dwarf-with-dsym";
				ENABLE_NS_ASSERTIONS = NO;
				ENABLE_STRICT_OBJC_MSGSEND = YES;
				GCC_C_LANGUAGE_STANDARD = gnu11;
				GCC_NO_COMMON_BLOCKS = YES;
				GCC_WARN_64_TO_32_BIT_CONVERSION = YES;
				GCC_WARN_ABOUT_RETURN_TYPE = YES_ERROR;
				GCC_WARN_UNDECLARED_SELECTOR = YES;
				GCC_WARN_UNINITIALIZED_AUTOS = YES_AGGRESSIVE;
				GCC_WARN_UNUSED_FUNCTION = YES;
				GCC_WARN_UNUSED_VARIABLE = YES;
				IPHONEOS_DEPLOYMENT_TARGET = 14.5;
				MTL_ENABLE_DEBUG_INFO = NO;
				MTL_FAST_MATH = YES;
				SDKROOT = iphoneos;
				SWIFT_COMPILATION_MODE = wholemodule;
				SWIFT_OPTIMIZATION_LEVEL = "-O";
				VALIDATE_PRODUCT = YES;
			};
			name = Release;
		};
		24983F3026DCBD9600ACCAEC /* Debug */ = {
			isa = XCBuildConfiguration;
			baseConfigurationReference = 956A22557183E8976E87EEF1 /* Pods-LenseTracker.debug.xcconfig */;
			buildSettings = {
				ASSETCATALOG_COMPILER_APPICON_NAME = AppIcon;
				ASSETCATALOG_COMPILER_GLOBAL_ACCENT_COLOR_NAME = AccentColor;
				CODE_SIGN_STYLE = Automatic;
				DEVELOPMENT_ASSET_PATHS = "\"LenseTracker/Preview Content\"";
				DEVELOPMENT_TEAM = BN7A8CTNT5;
				ENABLE_PREVIEWS = YES;
				INFOPLIST_FILE = LenseTracker/Info.plist;
				LD_RUNPATH_SEARCH_PATHS = (
					"$(inherited)",
					"@executable_path/Frameworks",
				);
				PRODUCT_BUNDLE_IDENTIFIER = onecupofcoffee.LenseTracker;
				PRODUCT_NAME = "$(TARGET_NAME)";
				SWIFT_VERSION = 5.0;
				TARGETED_DEVICE_FAMILY = "1,2";
			};
			name = Debug;
		};
		24983F3126DCBD9600ACCAEC /* Release */ = {
			isa = XCBuildConfiguration;
			baseConfigurationReference = 70CF977B1AC662321B28BCF2 /* Pods-LenseTracker.release.xcconfig */;
			buildSettings = {
				ASSETCATALOG_COMPILER_APPICON_NAME = AppIcon;
				ASSETCATALOG_COMPILER_GLOBAL_ACCENT_COLOR_NAME = AccentColor;
				CODE_SIGN_STYLE = Automatic;
				DEVELOPMENT_ASSET_PATHS = "\"LenseTracker/Preview Content\"";
				DEVELOPMENT_TEAM = BN7A8CTNT5;
				ENABLE_PREVIEWS = YES;
				INFOPLIST_FILE = LenseTracker/Info.plist;
				LD_RUNPATH_SEARCH_PATHS = (
					"$(inherited)",
					"@executable_path/Frameworks",
				);
				PRODUCT_BUNDLE_IDENTIFIER = onecupofcoffee.LenseTracker;
				PRODUCT_NAME = "$(TARGET_NAME)";
				SWIFT_VERSION = 5.0;
				TARGETED_DEVICE_FAMILY = "1,2";
			};
			name = Release;
		};
/* End XCBuildConfiguration section */

/* Begin XCConfigurationList section */
		24983F1326DCBD9600ACCAEC /* Build configuration list for PBXProject "LenseTracker" */ = {
			isa = XCConfigurationList;
			buildConfigurations = (
				24983F2D26DCBD9600ACCAEC /* Debug */,
				24983F2E26DCBD9600ACCAEC /* Release */,
			);
			defaultConfigurationIsVisible = 0;
			defaultConfigurationName = Release;
		};
		24983F2F26DCBD9600ACCAEC /* Build configuration list for PBXNativeTarget "LenseTracker" */ = {
			isa = XCConfigurationList;
			buildConfigurations = (
				24983F3026DCBD9600ACCAEC /* Debug */,
				24983F3126DCBD9600ACCAEC /* Release */,
			);
			defaultConfigurationIsVisible = 0;
			defaultConfigurationName = Release;
		};
/* End XCConfigurationList section */

/* Begin XCVersionGroup section */
		24983F2126DCBD9600ACCAEC /* LenseTracker.xcdatamodeld */ = {
			isa = XCVersionGroup;
			children = (
				24983F2226DCBD9600ACCAEC /* LenseTracker.xcdatamodel */,
			);
			currentVersion = 24983F2226DCBD9600ACCAEC /* LenseTracker.xcdatamodel */;
			path = LenseTracker.xcdatamodeld;
			sourceTree = "<group>";
			versionGroupType = wrapper.xcdatamodel;
		};
/* End XCVersionGroup section */
	};
	rootObject = 24983F1026DCBD9600ACCAEC /* Project object */;
}
